
Microsoft Visual Studio Solution File, Format Version 12.00
# Visual Studio Version 16
VisualStudioVersion = 16.0.29806.167
MinimumVisualStudioVersion = 10.0.40219.1
Project("{FAE04EC0-301F-11D3-BF4B-00C04F79EFBC}") = "Konvolucio.MDFU200325", "Konvolucio.MDFU200325\Konvolucio.MDFU200325.csproj", "{E2442901-EEB6-44AF-934F-B64DF96FAEBD}"
EndProject
Project("{FAE04EC0-301F-11D3-BF4B-00C04F79EFBC}") = "Konvolucio.MUDS150628", "Konvolucio.MUDS150628\Konvolucio.MUDS150628.csproj", "{13FE0BB4-C86B-433C-ADEC-40082AC3424F}"
EndProject
Project("{930C7802-8A8C-48F9-8165-68863BCCD9DD}") = "Konvolucio.MDFU200325.Setup", "Konvolucio.MDFU200325.Setup\Konvolucio.MDFU200325.Setup.wixproj", "{6A00CEFB-6D95-4A50-A28E-58CDBDD7CAB2}"
EndProject
Global
	GlobalSection(SolutionConfigurationPlatforms) = preSolution
		Debug|Any CPU = Debug|Any CPU
		Debug|x64 = Debug|x64
		Debug|x86 = Debug|x86
		Release|Any CPU = Release|Any CPU
		Release|x64 = Release|x64
		Release|x86 = Release|x86
	EndGlobalSection
	GlobalSection(ProjectConfigurationPlatforms) = postSolution
		{E2442901-EEB6-44AF-934F-B64DF96FAEBD}.Debug|Any CPU.ActiveCfg = Debug|Any CPU
		{E2442901-EEB6-44AF-934F-B64DF96FAEBD}.Debug|Any CPU.Build.0 = Debug|Any CPU
		{E2442901-EEB6-44AF-934F-B64DF96FAEBD}.Debug|x64.ActiveCfg = Debug|Any CPU
		{E2442901-EEB6-44AF-934F-B64DF96FAEBD}.Debug|x64.Build.0 = Debug|Any CPU
		{E2442901-EEB6-44AF-934F-B64DF96FAEBD}.Debug|x86.ActiveCfg = Debug|x64
		{E2442901-EEB6-44AF-934F-B64DF96FAEBD}.Debug|x86.Build.0 = Debug|x64
		{E2442901-EEB6-44AF-934F-B64DF96FAEBD}.Release|Any CPU.ActiveCfg = Release|Any CPU
		{E2442901-EEB6-44AF-934F-B64DF96FAEBD}.Release|Any CPU.Build.0 = Release|Any CPU
		{E2442901-EEB6-44AF-934F-B64DF96FAEBD}.Release|x64.ActiveCfg = Release|Any CPU
		{E2442901-EEB6-44AF-934F-B64DF96FAEBD}.Release|x64.Build.0 = Release|Any CPU
		{E2442901-EEB6-44AF-934F-B64DF96FAEBD}.Release|x86.ActiveCfg = Release|Any CPU
		{E2442901-EEB6-44AF-934F-B64DF96FAEBD}.Release|x86.Build.0 = Release|Any CPU
		{13FE0BB4-C86B-433C-ADEC-40082AC3424F}.Debug|Any CPU.ActiveCfg = Debug|Any CPU
		{13FE0BB4-C86B-433C-ADEC-40082AC3424F}.Debug|Any CPU.Build.0 = Debug|Any CPU
		{13FE0BB4-C86B-433C-ADEC-40082AC3424F}.Debug|x64.ActiveCfg = Debug|Any CPU
		{13FE0BB4-C86B-433C-ADEC-40082AC3424F}.Debug|x64.Build.0 = Debug|Any CPU
		{13FE0BB4-C86B-433C-ADEC-40082AC3424F}.Debug|x86.ActiveCfg = Debug|Any CPU
		{13FE0BB4-C86B-433C-ADEC-40082AC3424F}.Debug|x86.Build.0 = Debug|Any CPU
		{13FE0BB4-C86B-433C-ADEC-40082AC3424F}.Release|Any CPU.ActiveCfg = Release|Any CPU
		{13FE0BB4-C86B-433C-ADEC-40082AC3424F}.Release|Any CPU.Build.0 = Release|Any CPU
		{13FE0BB4-C86B-433C-ADEC-40082AC3424F}.Release|x64.ActiveCfg = Release|Any CPU
		{13FE0BB4-C86B-433C-ADEC-40082AC3424F}.Release|x64.Build.0 = Release|Any CPU
		{13FE0BB4-C86B-433C-ADEC-40082AC3424F}.Release|x86.ActiveCfg = Release|Any CPU
		{13FE0BB4-C86B-433C-ADEC-40082AC3424F}.Release|x86.Build.0 = Release|Any CPU
		{6A00CEFB-6D95-4A50-A28E-58CDBDD7CAB2}.Debug|Any CPU.ActiveCfg = Debug|x86
		{6A00CEFB-6D95-4A50-A28E-58CDBDD7CAB2}.Debug|x64.ActiveCfg = Debug|x86
		{6A00CEFB-6D95-4A50-A28E-58CDBDD7CAB2}.Debug|x86.ActiveCfg = Debug|x86
		{6A00CEFB-6D95-4A50-A28E-58CDBDD7CAB2}.Debug|x86.Build.0 = Debug|x86
		{6A00CEFB-6D95-4A50-A28E-58CDBDD7CAB2}.Release|Any CPU.ActiveCfg = Release|x86
		{6A00CEFB-6D95-4A50-A28E-58CDBDD7CAB2}.Release|x64.ActiveCfg = Release|x86
		{6A00CEFB-6D95-4A50-A28E-58CDBDD7CAB2}.Release|x86.ActiveCfg = Release|x86
		{6A00CEFB-6D95-4A50-A28E-58CDBDD7CAB2}.Release|x86.Build.0 = Release|x86
	EndGlobalSection
	GlobalSection(SolutionProperties) = preSolution
		HideSolutionNode = FALSE
	EndGlobalSection
	GlobalSection(ExtensibilityGlobals) = postSolution
		SolutionGuid = {68FD7E30-7484-4E53-A0A0-8018D4122402}
	EndGlobalSection
EndGlobal
